
Microsoft Visual Studio Solution File, Format Version 12.00
# Visual Studio 15
VisualStudioVersion = 15.0.27130.2020
MinimumVisualStudioVersion = 10.0.40219.1
Project("{FAE04EC0-301F-11D3-BF4B-00C04F79EFBC}") = "CLIAngularPWA", "CLIAngularPWA\CLIAngularPWA.csproj", "{40C1D4B3-4B0F-45CD-A13F-67101FB4E774}"
EndProject
Global
	GlobalSection(SolutionConfigurationPlatforms) = preSolution
		Debug|Any CPU = Debug|Any CPU
		Release|Any CPU = Release|Any CPU
	EndGlobalSection
	GlobalSection(ProjectConfigurationPlatforms) = postSolution
		{40C1D4B3-4B0F-45CD-A13F-67101FB4E774}.Debug|Any CPU.ActiveCfg = Debug|Any CPU
		{40C1D4B3-4B0F-45CD-A13F-67101FB4E774}.Debug|Any CPU.Build.0 = Debug|Any CPU
		{40C1D4B3-4B0F-45CD-A13F-67101FB4E774}.Release|Any CPU.ActiveCfg = Release|Any CPU
		{40C1D4B3-4B0F-45CD-A13F-67101FB4E774}.Release|Any CPU.Build.0 = Release|Any CPU
	EndGlobalSection
	GlobalSection(SolutionProperties) = preSolution
		HideSolutionNode = FALSE
	EndGlobalSection
	GlobalSection(ExtensibilityGlobals) = postSolution
		SolutionGuid = {1E2F1771-E855-4B00-92F5-63E20EFAD335}
	EndGlobalSection
EndGlobal
